
Microsoft Visual Studio Solution File, Format Version 12.00
# Visual Studio 2013
VisualStudioVersion = 12.0.21005.1
MinimumVisualStudioVersion = 10.0.40219.1
Project("{FAE04EC0-301F-11D3-BF4B-00C04F79EFBC}") = "lambdaExam2", "lambdaExam2\lambdaExam2.csproj", "{5136AFC1-3847-4A2E-BE5E-35839BEFF314}"
EndProject
Global
	GlobalSection(SolutionConfigurationPlatforms) = preSolution
		Debug|Any CPU = Debug|Any CPU
		Release|Any CPU = Release|Any CPU
	EndGlobalSection
	GlobalSection(ProjectConfigurationPlatforms) = postSolution
		{5136AFC1-3847-4A2E-BE5E-35839BEFF314}.Debug|Any CPU.ActiveCfg = Debug|Any CPU
		{5136AFC1-3847-4A2E-BE5E-35839BEFF314}.Debug|Any CPU.Build.0 = Debug|Any CPU
		{5136AFC1-3847-4A2E-BE5E-35839BEFF314}.Release|Any CPU.ActiveCfg = Release|Any CPU
		{5136AFC1-3847-4A2E-BE5E-35839BEFF314}.Release|Any CPU.Build.0 = Release|Any CPU
	EndGlobalSection
	GlobalSection(SolutionProperties) = preSolution
		HideSolutionNode = FALSE
	EndGlobalSection
EndGlobal
