
Microsoft Visual Studio Solution File, Format Version 12.00
# Visual Studio 2013
VisualStudioVersion = 12.0.21005.1
MinimumVisualStudioVersion = 10.0.40219.1
Project("{FAE04EC0-301F-11D3-BF4B-00C04F79EFBC}") = "ConsoleApplication9", "ConsoleApplication9\ConsoleApplication9.csproj", "{2868F457-B863-4E27-B9A7-96666C2D3AFE}"
EndProject
Global
	GlobalSection(SolutionConfigurationPlatforms) = preSolution
		Debug|Any CPU = Debug|Any CPU
		Release|Any CPU = Release|Any CPU
	EndGlobalSection
	GlobalSection(ProjectConfigurationPlatforms) = postSolution
		{2868F457-B863-4E27-B9A7-96666C2D3AFE}.Debug|Any CPU.ActiveCfg = Debug|Any CPU
		{2868F457-B863-4E27-B9A7-96666C2D3AFE}.Debug|Any CPU.Build.0 = Debug|Any CPU
		{2868F457-B863-4E27-B9A7-96666C2D3AFE}.Release|Any CPU.ActiveCfg = Release|Any CPU
		{2868F457-B863-4E27-B9A7-96666C2D3AFE}.Release|Any CPU.Build.0 = Release|Any CPU
	EndGlobalSection
	GlobalSection(SolutionProperties) = preSolution
		HideSolutionNode = FALSE
	EndGlobalSection
EndGlobal
