// !$*UTF8*$!
{
	archiveVersion = 1;
	classes = {
	};
	objectVersion = 55;
	objects = {

/* Begin PBXBuildFile section */
		438DCDAB278C0DC200B662C7 /* main.cpp in Sources */ = {isa = PBXBuildFile; fileRef = 438DCDAA278C0DC200B662C7 /* main.cpp */; };
		438DCDB3278C0DC900B662C7 /* OpenGL.framework in Frameworks */ = {isa = PBXBuildFile; fileRef = 438DCDB2278C0DC900B662C7 /* OpenGL.framework */; platformFilter = maccatalyst; };
		438DCDC0278C0E1F00B662C7 /* glad.c in Sources */ = {isa = PBXBuildFile; fileRef = 438DCDBF278C0E1E00B662C7 /* glad.c */; };
		438DCDC2278C107900B662C7 /* libglfw.3.3.dylib in Frameworks */ = {isa = PBXBuildFile; fileRef = 438DCDC1278C107900B662C7 /* libglfw.3.3.dylib */; };
		438DCDC3278C107900B662C7 /* libglfw.3.3.dylib in Embed Libraries */ = {isa = PBXBuildFile; fileRef = 438DCDC1278C107900B662C7 /* libglfw.3.3.dylib */; settings = {ATTRIBUTES = (CodeSignOnCopy, ); }; };
/* End PBXBuildFile section */

/* Begin PBXCopyFilesBuildPhase section */
		438DCDA5278C0DC100B662C7 /* CopyFiles */ = {
			isa = PBXCopyFilesBuildPhase;
			buildActionMask = 2147483647;
			dstPath = /usr/share/man/man1/;
			dstSubfolderSpec = 0;
			files = (
			);
			runOnlyForDeploymentPostprocessing = 1;
		};
		438DCDC4278C107900B662C7 /* Embed Libraries */ = {
			isa = PBXCopyFilesBuildPhase;
			buildActionMask = 2147483647;
			dstPath = "";
			dstSubfolderSpec = 10;
			files = (
				438DCDC3278C107900B662C7 /* libglfw.3.3.dylib in Embed Libraries */,
			);
			name = "Embed Libraries";
			runOnlyForDeploymentPostprocessing = 0;
		};
/* End PBXCopyFilesBuildPhase section */

/* Begin PBXFileReference section */
		438DCDA7278C0DC100B662C7 /* C++ OpenGL Flashlight */ = {isa = PBXFileReference; explicitFileType = "compiled.mach-o.executable"; includeInIndex = 0; path = "C++ OpenGL Flashlight"; sourceTree = BUILT_PRODUCTS_DIR; };
		438DCDAA278C0DC200B662C7 /* main.cpp */ = {isa = PBXFileReference; lastKnownFileType = sourcecode.cpp.cpp; path = main.cpp; sourceTree = "<group>"; };
		438DCDB2278C0DC900B662C7 /* OpenGL.framework */ = {isa = PBXFileReference; lastKnownFileType = wrapper.framework; name = OpenGL.framework; path = System/Library/Frameworks/OpenGL.framework; sourceTree = SDKROOT; };
		438DCDB4278C0DE400B662C7 /* C++ OpenGL Flashlight */ = {isa = PBXFileReference; lastKnownFileType = folder; path = "C++ OpenGL Flashlight"; sourceTree = "<group>"; };
		438DCDB5278C0E1B00B662C7 /* container2_specular.png */ = {isa = PBXFileReference; lastKnownFileType = image.png; path = container2_specular.png; sourceTree = "<group>"; };
		438DCDB6278C0E1B00B662C7 /* lightCube.fs */ = {isa = PBXFileReference; fileEncoding = 4; lastKnownFileType = sourcecode.glsl; path = lightCube.fs; sourceTree = "<group>"; };
		438DCDB7278C0E1C00B662C7 /* common.h */ = {isa = PBXFileReference; fileEncoding = 4; lastKnownFileType = sourcecode.c.h; path = common.h; sourceTree = "<group>"; };
		438DCDB8278C0E1C00B662C7 /* Shader.h */ = {isa = PBXFileReference; fileEncoding = 4; lastKnownFileType = sourcecode.c.h; path = Shader.h; sourceTree = "<group>"; };
		438DCDB9278C0E1C00B662C7 /* container2.png */ = {isa = PBXFileReference; lastKnownFileType = image.png; path = container2.png; sourceTree = "<group>"; };
		438DCDBA278C0E1C00B662C7 /* lightCube.vs */ = {isa = PBXFileReference; fileEncoding = 4; lastKnownFileType = sourcecode.glsl; path = lightCube.vs; sourceTree = "<group>"; };
		438DCDBB278C0E1C00B662C7 /* camera.h */ = {isa = PBXFileReference; fileEncoding = 4; lastKnownFileType = sourcecode.c.h; path = camera.h; sourceTree = "<group>"; };
		438DCDBC278C0E1C00B662C7 /* shader.vs */ = {isa = PBXFileReference; fileEncoding = 4; lastKnownFileType = sourcecode.glsl; path = shader.vs; sourceTree = "<group>"; };
		438DCDBD278C0E1D00B662C7 /* stb_image.h */ = {isa = PBXFileReference; fileEncoding = 4; lastKnownFileType = sourcecode.c.h; path = stb_image.h; sourceTree = "<group>"; };
		438DCDBE278C0E1E00B662C7 /* shader.fs */ = {isa = PBXFileReference; fileEncoding = 4; lastKnownFileType = sourcecode.glsl; path = shader.fs; sourceTree = "<group>"; };
		438DCDBF278C0E1E00B662C7 /* glad.c */ = {isa = PBXFileReference; fileEncoding = 4; lastKnownFileType = sourcecode.c.c; path = glad.c; sourceTree = "<group>"; };
		438DCDC1278C107900B662C7 /* libglfw.3.3.dylib */ = {isa = PBXFileReference; lastKnownFileType = "compiled.mach-o.dylib"; name = libglfw.3.3.dylib; path = ../../../../../../usr/local/Cellar/glfw/3.3.6/lib/libglfw.3.3.dylib; sourceTree = "<group>"; };
/* End PBXFileReference section */

/* Begin PBXFrameworksBuildPhase section */
		438DCDA4278C0DC100B662C7 /* Frameworks */ = {
			isa = PBXFrameworksBuildPhase;
			buildActionMask = 2147483647;
			files = (
				438DCDC2278C107900B662C7 /* libglfw.3.3.dylib in Frameworks */,
				438DCDB3278C0DC900B662C7 /* OpenGL.framework in Frameworks */,
			);
			runOnlyForDeploymentPostprocessing = 0;
		};
/* End PBXFrameworksBuildPhase section */

/* Begin PBXGroup section */
		438DCD9E278C0DC100B662C7 = {
			isa = PBXGroup;
			children = (
				438DCDA9278C0DC100B662C7 /* C++ OpenGL Flashlight */,
				438DCDA8278C0DC100B662C7 /* Products */,
				438DCDB1278C0DC800B662C7 /* Frameworks */,
			);
			sourceTree = "<group>";
		};
		438DCDA8278C0DC100B662C7 /* Products */ = {
			isa = PBXGroup;
			children = (
				438DCDA7278C0DC100B662C7 /* C++ OpenGL Flashlight */,
			);
			name = Products;
			sourceTree = "<group>";
		};
		438DCDA9278C0DC100B662C7 /* C++ OpenGL Flashlight */ = {
			isa = PBXGroup;
			children = (
				438DCDAA278C0DC200B662C7 /* main.cpp */,
				438DCDBB278C0E1C00B662C7 /* camera.h */,
				438DCDB7278C0E1C00B662C7 /* common.h */,
				438DCDB5278C0E1B00B662C7 /* container2_specular.png */,
				438DCDB9278C0E1C00B662C7 /* container2.png */,
				438DCDBF278C0E1E00B662C7 /* glad.c */,
				438DCDB6278C0E1B00B662C7 /* lightCube.fs */,
				438DCDBA278C0E1C00B662C7 /* lightCube.vs */,
				438DCDBE278C0E1E00B662C7 /* shader.fs */,
				438DCDB8278C0E1C00B662C7 /* Shader.h */,
				438DCDBC278C0E1C00B662C7 /* shader.vs */,
				438DCDBD278C0E1D00B662C7 /* stb_image.h */,
			);
			path = "C++ OpenGL Flashlight";
			sourceTree = "<group>";
		};
		438DCDB1278C0DC800B662C7 /* Frameworks */ = {
			isa = PBXGroup;
			children = (
				438DCDC1278C107900B662C7 /* libglfw.3.3.dylib */,
				438DCDB4278C0DE400B662C7 /* C++ OpenGL Flashlight */,
				438DCDB2278C0DC900B662C7 /* OpenGL.framework */,
			);
			name = Frameworks;
			sourceTree = "<group>";
		};
/* End PBXGroup section */

/* Begin PBXNativeTarget section */
		438DCDA6278C0DC100B662C7 /* C++ OpenGL Flashlight */ = {
			isa = PBXNativeTarget;
			buildConfigurationList = 438DCDAE278C0DC200B662C7 /* Build configuration list for PBXNativeTarget "C++ OpenGL Flashlight" */;
			buildPhases = (
				438DCDA3278C0DC100B662C7 /* Sources */,
				438DCDA4278C0DC100B662C7 /* Frameworks */,
				438DCDA5278C0DC100B662C7 /* CopyFiles */,
				438DCDC4278C107900B662C7 /* Embed Libraries */,
			);
			buildRules = (
			);
			dependencies = (
			);
			name = "C++ OpenGL Flashlight";
			productName = "C++ OpenGL Flashlight";
			productReference = 438DCDA7278C0DC100B662C7 /* C++ OpenGL Flashlight */;
			productType = "com.apple.product-type.tool";
		};
/* End PBXNativeTarget section */

/* Begin PBXProject section */
		438DCD9F278C0DC100B662C7 /* Project object */ = {
			isa = PBXProject;
			attributes = {
				BuildIndependentTargetsInParallel = 1;
				LastUpgradeCheck = 1320;
				TargetAttributes = {
					438DCDA6278C0DC100B662C7 = {
						CreatedOnToolsVersion = 13.2.1;
					};
				};
			};
			buildConfigurationList = 438DCDA2278C0DC100B662C7 /* Build configuration list for PBXProject "C++ OpenGL Flashlight" */;
			compatibilityVersion = "Xcode 13.0";
			developmentRegion = en;
			hasScannedForEncodings = 0;
			knownRegions = (
				en,
				Base,
			);
			mainGroup = 438DCD9E278C0DC100B662C7;
			productRefGroup = 438DCDA8278C0DC100B662C7 /* Products */;
			projectDirPath = "";
			projectRoot = "";
			targets = (
				438DCDA6278C0DC100B662C7 /* C++ OpenGL Flashlight */,
			);
		};
/* End PBXProject section */

/* Begin PBXSourcesBuildPhase section */
		438DCDA3278C0DC100B662C7 /* Sources */ = {
			isa = PBXSourcesBuildPhase;
			buildActionMask = 2147483647;
			files = (
				438DCDAB278C0DC200B662C7 /* main.cpp in Sources */,
				438DCDC0278C0E1F00B662C7 /* glad.c in Sources */,
			);
			runOnlyForDeploymentPostprocessing = 0;
		};
/* End PBXSourcesBuildPhase section */

/* Begin XCBuildConfiguration section */
		438DCDAC278C0DC200B662C7 /* Debug */ = {
			isa = XCBuildConfiguration;
			buildSettings = {
				ALWAYS_SEARCH_USER_PATHS = NO;
				CLANG_ANALYZER_NONNULL = YES;
				CLANG_ANALYZER_NUMBER_OBJECT_CONVERSION = YES_AGGRESSIVE;
				CLANG_CXX_LANGUAGE_STANDARD = "gnu++17";
				CLANG_CXX_LIBRARY = "libc++";
				CLANG_ENABLE_MODULES = YES;
				CLANG_ENABLE_OBJC_ARC = YES;
				CLANG_ENABLE_OBJC_WEAK = YES;
				CLANG_WARN_BLOCK_CAPTURE_AUTORELEASING = YES;
				CLANG_WARN_BOOL_CONVERSION = YES;
				CLANG_WARN_COMMA = YES;
				CLANG_WARN_CONSTANT_CONVERSION = YES;
				CLANG_WARN_DEPRECATED_OBJC_IMPLEMENTATIONS = YES;
				CLANG_WARN_DIRECT_OBJC_ISA_USAGE = YES_ERROR;
				CLANG_WARN_DOCUMENTATION_COMMENTS = YES;
				CLANG_WARN_EMPTY_BODY = YES;
				CLANG_WARN_ENUM_CONVERSION = YES;
				CLANG_WARN_INFINITE_RECURSION = YES;
				CLANG_WARN_INT_CONVERSION = YES;
				CLANG_WARN_NON_LITERAL_NULL_CONVERSION = YES;
				CLANG_WARN_OBJC_IMPLICIT_RETAIN_SELF = YES;
				CLANG_WARN_OBJC_LITERAL_CONVERSION = YES;
				CLANG_WARN_OBJC_ROOT_CLASS = YES_ERROR;
				CLANG_WARN_QUOTED_INCLUDE_IN_FRAMEWORK_HEADER = YES;
				CLANG_WARN_RANGE_LOOP_ANALYSIS = YES;
				CLANG_WARN_STRICT_PROTOTYPES = YES;
				CLANG_WARN_SUSPICIOUS_MOVE = YES;
				CLANG_WARN_UNGUARDED_AVAILABILITY = YES_AGGRESSIVE;
				CLANG_WARN_UNREACHABLE_CODE = YES;
				CLANG_WARN__DUPLICATE_METHOD_MATCH = YES;
				COPY_PHASE_STRIP = NO;
				DEBUG_INFORMATION_FORMAT = dwarf;
				ENABLE_STRICT_OBJC_MSGSEND = YES;
				ENABLE_TESTABILITY = YES;
				GCC_C_LANGUAGE_STANDARD = gnu11;
				GCC_DYNAMIC_NO_PIC = NO;
				GCC_NO_COMMON_BLOCKS = YES;
				GCC_OPTIMIZATION_LEVEL = 0;
				GCC_PREPROCESSOR_DEFINITIONS = (
					"DEBUG=1",
					"$(inherited)",
				);
				GCC_WARN_64_TO_32_BIT_CONVERSION = YES;
				GCC_WARN_ABOUT_RETURN_TYPE = YES_ERROR;
				GCC_WARN_UNDECLARED_SELECTOR = YES;
				GCC_WARN_UNINITIALIZED_AUTOS = YES_AGGRESSIVE;
				GCC_WARN_UNUSED_FUNCTION = YES;
				GCC_WARN_UNUSED_VARIABLE = YES;
				MACOSX_DEPLOYMENT_TARGET = 12.1;
				MTL_ENABLE_DEBUG_INFO = INCLUDE_SOURCE;
				MTL_FAST_MATH = YES;
				ONLY_ACTIVE_ARCH = YES;
				SDKROOT = macosx;
			};
			name = Debug;
		};
		438DCDAD278C0DC200B662C7 /* Release */ = {
			isa = XCBuildConfiguration;
			buildSettings = {
				ALWAYS_SEARCH_USER_PATHS = NO;
				CLANG_ANALYZER_NONNULL = YES;
				CLANG_ANALYZER_NUMBER_OBJECT_CONVERSION = YES_AGGRESSIVE;
				CLANG_CXX_LANGUAGE_STANDARD = "gnu++17";
				CLANG_CXX_LIBRARY = "libc++";
				CLANG_ENABLE_MODULES = YES;
				CLANG_ENABLE_OBJC_ARC = YES;
				CLANG_ENABLE_OBJC_WEAK = YES;
				CLANG_WARN_BLOCK_CAPTURE_AUTORELEASING = YES;
				CLANG_WARN_BOOL_CONVERSION = YES;
				CLANG_WARN_COMMA = YES;
				CLANG_WARN_CONSTANT_CONVERSION = YES;
				CLANG_WARN_DEPRECATED_OBJC_IMPLEMENTATIONS = YES;
				CLANG_WARN_DIRECT_OBJC_ISA_USAGE = YES_ERROR;
				CLANG_WARN_DOCUMENTATION_COMMENTS = YES;
				CLANG_WARN_EMPTY_BODY = YES;
				CLANG_WARN_ENUM_CONVERSION = YES;
				CLANG_WARN_INFINITE_RECURSION = YES;
				CLANG_WARN_INT_CONVERSION = YES;
				CLANG_WARN_NON_LITERAL_NULL_CONVERSION = YES;
				CLANG_WARN_OBJC_IMPLICIT_RETAIN_SELF = YES;
				CLANG_WARN_OBJC_LITERAL_CONVERSION = YES;
				CLANG_WARN_OBJC_ROOT_CLASS = YES_ERROR;
				CLANG_WARN_QUOTED_INCLUDE_IN_FRAMEWORK_HEADER = YES;
				CLANG_WARN_RANGE_LOOP_ANALYSIS = YES;
				CLANG_WARN_STRICT_PROTOTYPES = YES;
				CLANG_WARN_SUSPICIOUS_MOVE = YES;
				CLANG_WARN_UNGUARDED_AVAILABILITY = YES_AGGRESSIVE;
				CLANG_WARN_UNREACHABLE_CODE = YES;
				CLANG_WARN__DUPLICATE_METHOD_MATCH = YES;
				COPY_PHASE_STRIP = NO;
				DEBUG_INFORMATION_FORMAT = "dwarf-with-dsym";
				ENABLE_NS_ASSERTIONS = NO;
				ENABLE_STRICT_OBJC_MSGSEND = YES;
				GCC_C_LANGUAGE_STANDARD = gnu11;
				GCC_NO_COMMON_BLOCKS = YES;
				GCC_WARN_64_TO_32_BIT_CONVERSION = YES;
				GCC_WARN_ABOUT_RETURN_TYPE = YES_ERROR;
				GCC_WARN_UNDECLARED_SELECTOR = YES;
				GCC_WARN_UNINITIALIZED_AUTOS = YES_AGGRESSIVE;
				GCC_WARN_UNUSED_FUNCTION = YES;
				GCC_WARN_UNUSED_VARIABLE = YES;
				MACOSX_DEPLOYMENT_TARGET = 12.1;
				MTL_ENABLE_DEBUG_INFO = NO;
				MTL_FAST_MATH = YES;
				SDKROOT = macosx;
			};
			name = Release;
		};
		438DCDAF278C0DC200B662C7 /* Debug */ = {
			isa = XCBuildConfiguration;
			buildSettings = {
				CODE_SIGN_STYLE = Automatic;
				HEADER_SEARCH_PATHS = (
					/usr/local/Cellar/glm/0.9.9.8/include,
					/usr/local/Cellar/glad/include,
					/usr/local/Cellar/glfw/3.3.6/include,
				);
				LIBRARY_SEARCH_PATHS = (
					"$(inherited)",
					/usr/local/Cellar/glfw/3.3.6/lib,
				);
				PRODUCT_NAME = "$(TARGET_NAME)";
			};
			name = Debug;
		};
		438DCDB0278C0DC200B662C7 /* Release */ = {
			isa = XCBuildConfiguration;
			buildSettings = {
				CODE_SIGN_STYLE = Automatic;
				HEADER_SEARCH_PATHS = (
					/usr/local/Cellar/glm/0.9.9.8/include,
					/usr/local/Cellar/glad/include,
					/usr/local/Cellar/glfw/3.3.6/include,
				);
				LIBRARY_SEARCH_PATHS = (
					"$(inherited)",
					/usr/local/Cellar/glfw/3.3.6/lib,
				);
				PRODUCT_NAME = "$(TARGET_NAME)";
			};
			name = Release;
		};
/* End XCBuildConfiguration section */

/* Begin XCConfigurationList section */
		438DCDA2278C0DC100B662C7 /* Build configuration list for PBXProject "C++ OpenGL Flashlight" */ = {
			isa = XCConfigurationList;
			buildConfigurations = (
				438DCDAC278C0DC200B662C7 /* Debug */,
				438DCDAD278C0DC200B662C7 /* Release */,
			);
			defaultConfigurationIsVisible = 0;
			defaultConfigurationName = Release;
		};
		438DCDAE278C0DC200B662C7 /* Build configuration list for PBXNativeTarget "C++ OpenGL Flashlight" */ = {
			isa = XCConfigurationList;
			buildConfigurations = (
				438DCDAF278C0DC200B662C7 /* Debug */,
				438DCDB0278C0DC200B662C7 /* Release */,
			);
			defaultConfigurationIsVisible = 0;
			defaultConfigurationName = Release;
		};
/* End XCConfigurationList section */
	};
	rootObject = 438DCD9F278C0DC100B662C7 /* Project object */;
}
