
Microsoft Visual Studio Solution File, Format Version 12.00
# Visual Studio 2013
VisualStudioVersion = 12.0.40629.0
MinimumVisualStudioVersion = 10.0.40219.1
Project("{FAE04EC0-301F-11D3-BF4B-00C04F79EFBC}") = "Client", "ConsoleApplication8\Client.csproj", "{BB60A621-4CD0-4638-A97C-1EC9E831D200}"
EndProject
Global
	GlobalSection(SolutionConfigurationPlatforms) = preSolution
		Debug|Any CPU = Debug|Any CPU
		Release|Any CPU = Release|Any CPU
	EndGlobalSection
	GlobalSection(ProjectConfigurationPlatforms) = postSolution
		{BB60A621-4CD0-4638-A97C-1EC9E831D200}.Debug|Any CPU.ActiveCfg = Debug|Any CPU
		{BB60A621-4CD0-4638-A97C-1EC9E831D200}.Debug|Any CPU.Build.0 = Debug|Any CPU
		{BB60A621-4CD0-4638-A97C-1EC9E831D200}.Release|Any CPU.ActiveCfg = Release|Any CPU
		{BB60A621-4CD0-4638-A97C-1EC9E831D200}.Release|Any CPU.Build.0 = Release|Any CPU
	EndGlobalSection
	GlobalSection(SolutionProperties) = preSolution
		HideSolutionNode = FALSE
	EndGlobalSection
EndGlobal
