
Microsoft Visual Studio Solution File, Format Version 12.00
# Visual Studio Version 17
VisualStudioVersion = 17.13.35828.75 d17.13
MinimumVisualStudioVersion = 10.0.40219.1
Project("{FAE04EC0-301F-11D3-BF4B-00C04F79EFBC}") = "RazorPagesMovie", "RazorPagesMovie\RazorPagesMovie.csproj", "{79024100-B470-4D85-BDA5-C73215101CD8}"
EndProject
Global
	GlobalSection(SolutionConfigurationPlatforms) = preSolution
		Debug|Any CPU = Debug|Any CPU
		Release|Any CPU = Release|Any CPU
	EndGlobalSection
	GlobalSection(ProjectConfigurationPlatforms) = postSolution
		{79024100-B470-4D85-BDA5-C73215101CD8}.Debug|Any CPU.ActiveCfg = Debug|Any CPU
		{79024100-B470-4D85-BDA5-C73215101CD8}.Debug|Any CPU.Build.0 = Debug|Any CPU
		{79024100-B470-4D85-BDA5-C73215101CD8}.Release|Any CPU.ActiveCfg = Release|Any CPU
		{79024100-B470-4D85-BDA5-C73215101CD8}.Release|Any CPU.Build.0 = Release|Any CPU
	EndGlobalSection
	GlobalSection(SolutionProperties) = preSolution
		HideSolutionNode = FALSE
	EndGlobalSection
	GlobalSection(ExtensibilityGlobals) = postSolution
		SolutionGuid = {05EC4931-661E-4BB1-BEF6-F47F2490FA12}
	EndGlobalSection
EndGlobal
