// !$*UTF8*$!
{
	archiveVersion = 1;
	classes = {
	};
	objectVersion = 55;
	objects = {

/* Begin PBXBuildFile section */
		438DCD36278AE7A700B662C7 /* main.cpp in Sources */ = {isa = PBXBuildFile; fileRef = 438DCD35278AE7A700B662C7 /* main.cpp */; };
		438DCD3E278AE7AE00B662C7 /* OpenGL.framework in Frameworks */ = {isa = PBXBuildFile; fileRef = 438DCD3D278AE7AE00B662C7 /* OpenGL.framework */; platformFilter = maccatalyst; };
		438DCD40278AE7B900B662C7 /* libglfw.3.3.dylib in Frameworks */ = {isa = PBXBuildFile; fileRef = 438DCD3F278AE7B900B662C7 /* libglfw.3.3.dylib */; };
		438DCD41278AE7B900B662C7 /* libglfw.3.3.dylib in Embed Libraries */ = {isa = PBXBuildFile; fileRef = 438DCD3F278AE7B900B662C7 /* libglfw.3.3.dylib */; settings = {ATTRIBUTES = (CodeSignOnCopy, ); }; };
		438DCD4E278AE7FF00B662C7 /* glad.c in Sources */ = {isa = PBXBuildFile; fileRef = 438DCD43278AE7FD00B662C7 /* glad.c */; };
/* End PBXBuildFile section */

/* Begin PBXCopyFilesBuildPhase section */
		438DCD30278AE7A700B662C7 /* CopyFiles */ = {
			isa = PBXCopyFilesBuildPhase;
			buildActionMask = 2147483647;
			dstPath = /usr/share/man/man1/;
			dstSubfolderSpec = 0;
			files = (
			);
			runOnlyForDeploymentPostprocessing = 1;
		};
		438DCD42278AE7B900B662C7 /* Embed Libraries */ = {
			isa = PBXCopyFilesBuildPhase;
			buildActionMask = 2147483647;
			dstPath = "";
			dstSubfolderSpec = 10;
			files = (
				438DCD41278AE7B900B662C7 /* libglfw.3.3.dylib in Embed Libraries */,
			);
			name = "Embed Libraries";
			runOnlyForDeploymentPostprocessing = 0;
		};
/* End PBXCopyFilesBuildPhase section */

/* Begin PBXFileReference section */
		438DCD32278AE7A700B662C7 /* C++ OpenGL Light Specular Map Excercise 2 */ = {isa = PBXFileReference; explicitFileType = "compiled.mach-o.executable"; includeInIndex = 0; path = "C++ OpenGL Light Specular Map Excercise 2"; sourceTree = BUILT_PRODUCTS_DIR; };
		438DCD35278AE7A700B662C7 /* main.cpp */ = {isa = PBXFileReference; lastKnownFileType = sourcecode.cpp.cpp; path = main.cpp; sourceTree = "<group>"; };
		438DCD3D278AE7AE00B662C7 /* OpenGL.framework */ = {isa = PBXFileReference; lastKnownFileType = wrapper.framework; name = OpenGL.framework; path = System/Library/Frameworks/OpenGL.framework; sourceTree = SDKROOT; };
		438DCD3F278AE7B900B662C7 /* libglfw.3.3.dylib */ = {isa = PBXFileReference; lastKnownFileType = "compiled.mach-o.dylib"; name = libglfw.3.3.dylib; path = ../../../../../../usr/local/Cellar/glfw/3.3.6/lib/libglfw.3.3.dylib; sourceTree = "<group>"; };
		438DCD43278AE7FD00B662C7 /* glad.c */ = {isa = PBXFileReference; fileEncoding = 4; lastKnownFileType = sourcecode.c.c; path = glad.c; sourceTree = "<group>"; };
		438DCD44278AE7FD00B662C7 /* shader.fs */ = {isa = PBXFileReference; fileEncoding = 4; lastKnownFileType = sourcecode.glsl; path = shader.fs; sourceTree = "<group>"; };
		438DCD45278AE7FD00B662C7 /* common.h */ = {isa = PBXFileReference; fileEncoding = 4; lastKnownFileType = sourcecode.c.h; path = common.h; sourceTree = "<group>"; };
		438DCD46278AE7FD00B662C7 /* stb_image.h */ = {isa = PBXFileReference; fileEncoding = 4; lastKnownFileType = sourcecode.c.h; path = stb_image.h; sourceTree = "<group>"; };
		438DCD47278AE7FD00B662C7 /* lightCube.vs */ = {isa = PBXFileReference; fileEncoding = 4; lastKnownFileType = sourcecode.glsl; path = lightCube.vs; sourceTree = "<group>"; };
		438DCD48278AE7FD00B662C7 /* shader.vs */ = {isa = PBXFileReference; fileEncoding = 4; lastKnownFileType = sourcecode.glsl; path = shader.vs; sourceTree = "<group>"; };
		438DCD49278AE7FE00B662C7 /* container2_specular.png */ = {isa = PBXFileReference; lastKnownFileType = image.png; path = container2_specular.png; sourceTree = "<group>"; };
		438DCD4A278AE7FE00B662C7 /* Shader.h */ = {isa = PBXFileReference; fileEncoding = 4; lastKnownFileType = sourcecode.c.h; path = Shader.h; sourceTree = "<group>"; };
		438DCD4B278AE7FE00B662C7 /* container2.png */ = {isa = PBXFileReference; lastKnownFileType = image.png; path = container2.png; sourceTree = "<group>"; };
		438DCD4C278AE7FF00B662C7 /* lightCube.fs */ = {isa = PBXFileReference; fileEncoding = 4; lastKnownFileType = sourcecode.glsl; path = lightCube.fs; sourceTree = "<group>"; };
		438DCD4D278AE7FF00B662C7 /* camera.h */ = {isa = PBXFileReference; fileEncoding = 4; lastKnownFileType = sourcecode.c.h; path = camera.h; sourceTree = "<group>"; };
		438DCD4F278AE81E00B662C7 /* matrix.jpg */ = {isa = PBXFileReference; lastKnownFileType = image.jpeg; path = matrix.jpg; sourceTree = "<group>"; };
/* End PBXFileReference section */

/* Begin PBXFrameworksBuildPhase section */
		438DCD2F278AE7A700B662C7 /* Frameworks */ = {
			isa = PBXFrameworksBuildPhase;
			buildActionMask = 2147483647;
			files = (
				438DCD40278AE7B900B662C7 /* libglfw.3.3.dylib in Frameworks */,
				438DCD3E278AE7AE00B662C7 /* OpenGL.framework in Frameworks */,
			);
			runOnlyForDeploymentPostprocessing = 0;
		};
/* End PBXFrameworksBuildPhase section */

/* Begin PBXGroup section */
		438DCD29278AE7A700B662C7 = {
			isa = PBXGroup;
			children = (
				438DCD34278AE7A700B662C7 /* C++ OpenGL Light Specular Map Excercise 2 */,
				438DCD33278AE7A700B662C7 /* Products */,
				438DCD3C278AE7AD00B662C7 /* Frameworks */,
			);
			sourceTree = "<group>";
		};
		438DCD33278AE7A700B662C7 /* Products */ = {
			isa = PBXGroup;
			children = (
				438DCD32278AE7A700B662C7 /* C++ OpenGL Light Specular Map Excercise 2 */,
			);
			name = Products;
			sourceTree = "<group>";
		};
		438DCD34278AE7A700B662C7 /* C++ OpenGL Light Specular Map Excercise 2 */ = {
			isa = PBXGroup;
			children = (
				438DCD35278AE7A700B662C7 /* main.cpp */,
				438DCD4D278AE7FF00B662C7 /* camera.h */,
				438DCD45278AE7FD00B662C7 /* common.h */,
				438DCD49278AE7FE00B662C7 /* container2_specular.png */,
				438DCD4B278AE7FE00B662C7 /* container2.png */,
				438DCD4F278AE81E00B662C7 /* matrix.jpg */,
				438DCD43278AE7FD00B662C7 /* glad.c */,
				438DCD4C278AE7FF00B662C7 /* lightCube.fs */,
				438DCD47278AE7FD00B662C7 /* lightCube.vs */,
				438DCD44278AE7FD00B662C7 /* shader.fs */,
				438DCD4A278AE7FE00B662C7 /* Shader.h */,
				438DCD48278AE7FD00B662C7 /* shader.vs */,
				438DCD46278AE7FD00B662C7 /* stb_image.h */,
			);
			path = "C++ OpenGL Light Specular Map Excercise 2";
			sourceTree = "<group>";
		};
		438DCD3C278AE7AD00B662C7 /* Frameworks */ = {
			isa = PBXGroup;
			children = (
				438DCD3F278AE7B900B662C7 /* libglfw.3.3.dylib */,
				438DCD3D278AE7AE00B662C7 /* OpenGL.framework */,
			);
			name = Frameworks;
			sourceTree = "<group>";
		};
/* End PBXGroup section */

/* Begin PBXNativeTarget section */
		438DCD31278AE7A700B662C7 /* C++ OpenGL Light Specular Map Excercise 2 */ = {
			isa = PBXNativeTarget;
			buildConfigurationList = 438DCD39278AE7A700B662C7 /* Build configuration list for PBXNativeTarget "C++ OpenGL Light Specular Map Excercise 2" */;
			buildPhases = (
				438DCD2E278AE7A700B662C7 /* Sources */,
				438DCD2F278AE7A700B662C7 /* Frameworks */,
				438DCD30278AE7A700B662C7 /* CopyFiles */,
				438DCD42278AE7B900B662C7 /* Embed Libraries */,
			);
			buildRules = (
			);
			dependencies = (
			);
			name = "C++ OpenGL Light Specular Map Excercise 2";
			productName = "C++ OpenGL Light Specular Map Excercise 2";
			productReference = 438DCD32278AE7A700B662C7 /* C++ OpenGL Light Specular Map Excercise 2 */;
			productType = "com.apple.product-type.tool";
		};
/* End PBXNativeTarget section */

/* Begin PBXProject section */
		438DCD2A278AE7A700B662C7 /* Project object */ = {
			isa = PBXProject;
			attributes = {
				BuildIndependentTargetsInParallel = 1;
				LastUpgradeCheck = 1320;
				TargetAttributes = {
					438DCD31278AE7A700B662C7 = {
						CreatedOnToolsVersion = 13.2.1;
					};
				};
			};
			buildConfigurationList = 438DCD2D278AE7A700B662C7 /* Build configuration list for PBXProject "C++ OpenGL Light Specular Map Excercise 2" */;
			compatibilityVersion = "Xcode 13.0";
			developmentRegion = en;
			hasScannedForEncodings = 0;
			knownRegions = (
				en,
				Base,
			);
			mainGroup = 438DCD29278AE7A700B662C7;
			productRefGroup = 438DCD33278AE7A700B662C7 /* Products */;
			projectDirPath = "";
			projectRoot = "";
			targets = (
				438DCD31278AE7A700B662C7 /* C++ OpenGL Light Specular Map Excercise 2 */,
			);
		};
/* End PBXProject section */

/* Begin PBXSourcesBuildPhase section */
		438DCD2E278AE7A700B662C7 /* Sources */ = {
			isa = PBXSourcesBuildPhase;
			buildActionMask = 2147483647;
			files = (
				438DCD36278AE7A700B662C7 /* main.cpp in Sources */,
				438DCD4E278AE7FF00B662C7 /* glad.c in Sources */,
			);
			runOnlyForDeploymentPostprocessing = 0;
		};
/* End PBXSourcesBuildPhase section */

/* Begin XCBuildConfiguration section */
		438DCD37278AE7A700B662C7 /* Debug */ = {
			isa = XCBuildConfiguration;
			buildSettings = {
				ALWAYS_SEARCH_USER_PATHS = NO;
				CLANG_ANALYZER_NONNULL = YES;
				CLANG_ANALYZER_NUMBER_OBJECT_CONVERSION = YES_AGGRESSIVE;
				CLANG_CXX_LANGUAGE_STANDARD = "gnu++17";
				CLANG_CXX_LIBRARY = "libc++";
				CLANG_ENABLE_MODULES = YES;
				CLANG_ENABLE_OBJC_ARC = YES;
				CLANG_ENABLE_OBJC_WEAK = YES;
				CLANG_WARN_BLOCK_CAPTURE_AUTORELEASING = YES;
				CLANG_WARN_BOOL_CONVERSION = YES;
				CLANG_WARN_COMMA = YES;
				CLANG_WARN_CONSTANT_CONVERSION = YES;
				CLANG_WARN_DEPRECATED_OBJC_IMPLEMENTATIONS = YES;
				CLANG_WARN_DIRECT_OBJC_ISA_USAGE = YES_ERROR;
				CLANG_WARN_DOCUMENTATION_COMMENTS = YES;
				CLANG_WARN_EMPTY_BODY = YES;
				CLANG_WARN_ENUM_CONVERSION = YES;
				CLANG_WARN_INFINITE_RECURSION = YES;
				CLANG_WARN_INT_CONVERSION = YES;
				CLANG_WARN_NON_LITERAL_NULL_CONVERSION = YES;
				CLANG_WARN_OBJC_IMPLICIT_RETAIN_SELF = YES;
				CLANG_WARN_OBJC_LITERAL_CONVERSION = YES;
				CLANG_WARN_OBJC_ROOT_CLASS = YES_ERROR;
				CLANG_WARN_QUOTED_INCLUDE_IN_FRAMEWORK_HEADER = YES;
				CLANG_WARN_RANGE_LOOP_ANALYSIS = YES;
				CLANG_WARN_STRICT_PROTOTYPES = YES;
				CLANG_WARN_SUSPICIOUS_MOVE = YES;
				CLANG_WARN_UNGUARDED_AVAILABILITY = YES_AGGRESSIVE;
				CLANG_WARN_UNREACHABLE_CODE = YES;
				CLANG_WARN__DUPLICATE_METHOD_MATCH = YES;
				COPY_PHASE_STRIP = NO;
				DEBUG_INFORMATION_FORMAT = dwarf;
				ENABLE_STRICT_OBJC_MSGSEND = YES;
				ENABLE_TESTABILITY = YES;
				GCC_C_LANGUAGE_STANDARD = gnu11;
				GCC_DYNAMIC_NO_PIC = NO;
				GCC_NO_COMMON_BLOCKS = YES;
				GCC_OPTIMIZATION_LEVEL = 0;
				GCC_PREPROCESSOR_DEFINITIONS = (
					"DEBUG=1",
					"$(inherited)",
				);
				GCC_WARN_64_TO_32_BIT_CONVERSION = YES;
				GCC_WARN_ABOUT_RETURN_TYPE = YES_ERROR;
				GCC_WARN_UNDECLARED_SELECTOR = YES;
				GCC_WARN_UNINITIALIZED_AUTOS = YES_AGGRESSIVE;
				GCC_WARN_UNUSED_FUNCTION = YES;
				GCC_WARN_UNUSED_VARIABLE = YES;
				MACOSX_DEPLOYMENT_TARGET = 12.1;
				MTL_ENABLE_DEBUG_INFO = INCLUDE_SOURCE;
				MTL_FAST_MATH = YES;
				ONLY_ACTIVE_ARCH = YES;
				SDKROOT = macosx;
			};
			name = Debug;
		};
		438DCD38278AE7A700B662C7 /* Release */ = {
			isa = XCBuildConfiguration;
			buildSettings = {
				ALWAYS_SEARCH_USER_PATHS = NO;
				CLANG_ANALYZER_NONNULL = YES;
				CLANG_ANALYZER_NUMBER_OBJECT_CONVERSION = YES_AGGRESSIVE;
				CLANG_CXX_LANGUAGE_STANDARD = "gnu++17";
				CLANG_CXX_LIBRARY = "libc++";
				CLANG_ENABLE_MODULES = YES;
				CLANG_ENABLE_OBJC_ARC = YES;
				CLANG_ENABLE_OBJC_WEAK = YES;
				CLANG_WARN_BLOCK_CAPTURE_AUTORELEASING = YES;
				CLANG_WARN_BOOL_CONVERSION = YES;
				CLANG_WARN_COMMA = YES;
				CLANG_WARN_CONSTANT_CONVERSION = YES;
				CLANG_WARN_DEPRECATED_OBJC_IMPLEMENTATIONS = YES;
				CLANG_WARN_DIRECT_OBJC_ISA_USAGE = YES_ERROR;
				CLANG_WARN_DOCUMENTATION_COMMENTS = YES;
				CLANG_WARN_EMPTY_BODY = YES;
				CLANG_WARN_ENUM_CONVERSION = YES;
				CLANG_WARN_INFINITE_RECURSION = YES;
				CLANG_WARN_INT_CONVERSION = YES;
				CLANG_WARN_NON_LITERAL_NULL_CONVERSION = YES;
				CLANG_WARN_OBJC_IMPLICIT_RETAIN_SELF = YES;
				CLANG_WARN_OBJC_LITERAL_CONVERSION = YES;
				CLANG_WARN_OBJC_ROOT_CLASS = YES_ERROR;
				CLANG_WARN_QUOTED_INCLUDE_IN_FRAMEWORK_HEADER = YES;
				CLANG_WARN_RANGE_LOOP_ANALYSIS = YES;
				CLANG_WARN_STRICT_PROTOTYPES = YES;
				CLANG_WARN_SUSPICIOUS_MOVE = YES;
				CLANG_WARN_UNGUARDED_AVAILABILITY = YES_AGGRESSIVE;
				CLANG_WARN_UNREACHABLE_CODE = YES;
				CLANG_WARN__DUPLICATE_METHOD_MATCH = YES;
				COPY_PHASE_STRIP = NO;
				DEBUG_INFORMATION_FORMAT = "dwarf-with-dsym";
				ENABLE_NS_ASSERTIONS = NO;
				ENABLE_STRICT_OBJC_MSGSEND = YES;
				GCC_C_LANGUAGE_STANDARD = gnu11;
				GCC_NO_COMMON_BLOCKS = YES;
				GCC_WARN_64_TO_32_BIT_CONVERSION = YES;
				GCC_WARN_ABOUT_RETURN_TYPE = YES_ERROR;
				GCC_WARN_UNDECLARED_SELECTOR = YES;
				GCC_WARN_UNINITIALIZED_AUTOS = YES_AGGRESSIVE;
				GCC_WARN_UNUSED_FUNCTION = YES;
				GCC_WARN_UNUSED_VARIABLE = YES;
				MACOSX_DEPLOYMENT_TARGET = 12.1;
				MTL_ENABLE_DEBUG_INFO = NO;
				MTL_FAST_MATH = YES;
				SDKROOT = macosx;
			};
			name = Release;
		};
		438DCD3A278AE7A700B662C7 /* Debug */ = {
			isa = XCBuildConfiguration;
			buildSettings = {
				CODE_SIGN_STYLE = Automatic;
				HEADER_SEARCH_PATHS = (
					/usr/local/Cellar/glm/0.9.9.8/include,
					/usr/local/Cellar/glad/include,
					/usr/local/Cellar/glfw/3.3.6/include,
				);
				LIBRARY_SEARCH_PATHS = (
					"$(inherited)",
					/usr/local/Cellar/glfw/3.3.6/lib,
				);
				PRODUCT_NAME = "$(TARGET_NAME)";
			};
			name = Debug;
		};
		438DCD3B278AE7A700B662C7 /* Release */ = {
			isa = XCBuildConfiguration;
			buildSettings = {
				CODE_SIGN_STYLE = Automatic;
				HEADER_SEARCH_PATHS = (
					/usr/local/Cellar/glm/0.9.9.8/include,
					/usr/local/Cellar/glad/include,
					/usr/local/Cellar/glfw/3.3.6/include,
				);
				LIBRARY_SEARCH_PATHS = (
					"$(inherited)",
					/usr/local/Cellar/glfw/3.3.6/lib,
				);
				PRODUCT_NAME = "$(TARGET_NAME)";
			};
			name = Release;
		};
/* End XCBuildConfiguration section */

/* Begin XCConfigurationList section */
		438DCD2D278AE7A700B662C7 /* Build configuration list for PBXProject "C++ OpenGL Light Specular Map Excercise 2" */ = {
			isa = XCConfigurationList;
			buildConfigurations = (
				438DCD37278AE7A700B662C7 /* Debug */,
				438DCD38278AE7A700B662C7 /* Release */,
			);
			defaultConfigurationIsVisible = 0;
			defaultConfigurationName = Release;
		};
		438DCD39278AE7A700B662C7 /* Build configuration list for PBXNativeTarget "C++ OpenGL Light Specular Map Excercise 2" */ = {
			isa = XCConfigurationList;
			buildConfigurations = (
				438DCD3A278AE7A700B662C7 /* Debug */,
				438DCD3B278AE7A700B662C7 /* Release */,
			);
			defaultConfigurationIsVisible = 0;
			defaultConfigurationName = Release;
		};
/* End XCConfigurationList section */
	};
	rootObject = 438DCD2A278AE7A700B662C7 /* Project object */;
}
