// !$*UTF8*$!
{
	archiveVersion = 1;
	classes = {
	};
	objectVersion = 55;
	objects = {

/* Begin PBXBuildFile section */
		438DCC9F278AB14700B662C7 /* main.cpp in Sources */ = {isa = PBXBuildFile; fileRef = 438DCC9E278AB14700B662C7 /* main.cpp */; };
		438DCCA7278AB16700B662C7 /* OpenGL.framework in Frameworks */ = {isa = PBXBuildFile; fileRef = 438DCCA6278AB16700B662C7 /* OpenGL.framework */; platformFilter = maccatalyst; };
		438DCCA9278AB17500B662C7 /* libglfw.3.3.dylib in Frameworks */ = {isa = PBXBuildFile; fileRef = 438DCCA8278AB17500B662C7 /* libglfw.3.3.dylib */; };
		438DCCAA278AB17500B662C7 /* libglfw.3.3.dylib in Embed Libraries */ = {isa = PBXBuildFile; fileRef = 438DCCA8278AB17500B662C7 /* libglfw.3.3.dylib */; settings = {ATTRIBUTES = (CodeSignOnCopy, ); }; };
		438DCCB5278AB1D200B662C7 /* glad.c in Sources */ = {isa = PBXBuildFile; fileRef = 438DCCAD278AB1D000B662C7 /* glad.c */; };
/* End PBXBuildFile section */

/* Begin PBXCopyFilesBuildPhase section */
		438DCC99278AB14700B662C7 /* CopyFiles */ = {
			isa = PBXCopyFilesBuildPhase;
			buildActionMask = 2147483647;
			dstPath = /usr/share/man/man1/;
			dstSubfolderSpec = 0;
			files = (
			);
			runOnlyForDeploymentPostprocessing = 1;
		};
		438DCCAB278AB17600B662C7 /* Embed Libraries */ = {
			isa = PBXCopyFilesBuildPhase;
			buildActionMask = 2147483647;
			dstPath = "";
			dstSubfolderSpec = 10;
			files = (
				438DCCAA278AB17500B662C7 /* libglfw.3.3.dylib in Embed Libraries */,
			);
			name = "Embed Libraries";
			runOnlyForDeploymentPostprocessing = 0;
		};
/* End PBXCopyFilesBuildPhase section */

/* Begin PBXFileReference section */
		438DCC9B278AB14700B662C7 /* C++ OpenGL Light Materials */ = {isa = PBXFileReference; explicitFileType = "compiled.mach-o.executable"; includeInIndex = 0; path = "C++ OpenGL Light Materials"; sourceTree = BUILT_PRODUCTS_DIR; };
		438DCC9E278AB14700B662C7 /* main.cpp */ = {isa = PBXFileReference; lastKnownFileType = sourcecode.cpp.cpp; path = main.cpp; sourceTree = "<group>"; };
		438DCCA6278AB16700B662C7 /* OpenGL.framework */ = {isa = PBXFileReference; lastKnownFileType = wrapper.framework; name = OpenGL.framework; path = System/Library/Frameworks/OpenGL.framework; sourceTree = SDKROOT; };
		438DCCA8278AB17500B662C7 /* libglfw.3.3.dylib */ = {isa = PBXFileReference; lastKnownFileType = "compiled.mach-o.dylib"; name = libglfw.3.3.dylib; path = ../../../../../../usr/local/Cellar/glfw/3.3.6/lib/libglfw.3.3.dylib; sourceTree = "<group>"; };
		438DCCAC278AB1D000B662C7 /* camera.h */ = {isa = PBXFileReference; fileEncoding = 4; lastKnownFileType = sourcecode.c.h; path = camera.h; sourceTree = "<group>"; };
		438DCCAD278AB1D000B662C7 /* glad.c */ = {isa = PBXFileReference; fileEncoding = 4; lastKnownFileType = sourcecode.c.c; path = glad.c; sourceTree = "<group>"; };
		438DCCAE278AB1D000B662C7 /* Shader.h */ = {isa = PBXFileReference; fileEncoding = 4; lastKnownFileType = sourcecode.c.h; path = Shader.h; sourceTree = "<group>"; };
		438DCCAF278AB1D000B662C7 /* common.h */ = {isa = PBXFileReference; fileEncoding = 4; lastKnownFileType = sourcecode.c.h; path = common.h; sourceTree = "<group>"; };
		438DCCB0278AB1D100B662C7 /* shader.vs */ = {isa = PBXFileReference; fileEncoding = 4; lastKnownFileType = sourcecode.glsl; path = shader.vs; sourceTree = "<group>"; };
		438DCCB1278AB1D100B662C7 /* stb_image.h */ = {isa = PBXFileReference; fileEncoding = 4; lastKnownFileType = sourcecode.c.h; path = stb_image.h; sourceTree = "<group>"; };
		438DCCB2278AB1D100B662C7 /* lightCube.fs */ = {isa = PBXFileReference; fileEncoding = 4; lastKnownFileType = sourcecode.glsl; path = lightCube.fs; sourceTree = "<group>"; };
		438DCCB3278AB1D200B662C7 /* shader.fs */ = {isa = PBXFileReference; fileEncoding = 4; lastKnownFileType = sourcecode.glsl; path = shader.fs; sourceTree = "<group>"; };
		438DCCB4278AB1D200B662C7 /* lightCube.vs */ = {isa = PBXFileReference; fileEncoding = 4; lastKnownFileType = sourcecode.glsl; path = lightCube.vs; sourceTree = "<group>"; };
/* End PBXFileReference section */

/* Begin PBXFrameworksBuildPhase section */
		438DCC98278AB14700B662C7 /* Frameworks */ = {
			isa = PBXFrameworksBuildPhase;
			buildActionMask = 2147483647;
			files = (
				438DCCA9278AB17500B662C7 /* libglfw.3.3.dylib in Frameworks */,
				438DCCA7278AB16700B662C7 /* OpenGL.framework in Frameworks */,
			);
			runOnlyForDeploymentPostprocessing = 0;
		};
/* End PBXFrameworksBuildPhase section */

/* Begin PBXGroup section */
		438DCC92278AB14700B662C7 = {
			isa = PBXGroup;
			children = (
				438DCC9D278AB14700B662C7 /* C++ OpenGL Light Materials */,
				438DCC9C278AB14700B662C7 /* Products */,
				438DCCA5278AB16600B662C7 /* Frameworks */,
			);
			sourceTree = "<group>";
		};
		438DCC9C278AB14700B662C7 /* Products */ = {
			isa = PBXGroup;
			children = (
				438DCC9B278AB14700B662C7 /* C++ OpenGL Light Materials */,
			);
			name = Products;
			sourceTree = "<group>";
		};
		438DCC9D278AB14700B662C7 /* C++ OpenGL Light Materials */ = {
			isa = PBXGroup;
			children = (
				438DCC9E278AB14700B662C7 /* main.cpp */,
				438DCCAC278AB1D000B662C7 /* camera.h */,
				438DCCAF278AB1D000B662C7 /* common.h */,
				438DCCAD278AB1D000B662C7 /* glad.c */,
				438DCCB2278AB1D100B662C7 /* lightCube.fs */,
				438DCCB4278AB1D200B662C7 /* lightCube.vs */,
				438DCCB3278AB1D200B662C7 /* shader.fs */,
				438DCCAE278AB1D000B662C7 /* Shader.h */,
				438DCCB0278AB1D100B662C7 /* shader.vs */,
				438DCCB1278AB1D100B662C7 /* stb_image.h */,
			);
			path = "C++ OpenGL Light Materials";
			sourceTree = "<group>";
		};
		438DCCA5278AB16600B662C7 /* Frameworks */ = {
			isa = PBXGroup;
			children = (
				438DCCA8278AB17500B662C7 /* libglfw.3.3.dylib */,
				438DCCA6278AB16700B662C7 /* OpenGL.framework */,
			);
			name = Frameworks;
			sourceTree = "<group>";
		};
/* End PBXGroup section */

/* Begin PBXNativeTarget section */
		438DCC9A278AB14700B662C7 /* C++ OpenGL Light Materials */ = {
			isa = PBXNativeTarget;
			buildConfigurationList = 438DCCA2278AB14700B662C7 /* Build configuration list for PBXNativeTarget "C++ OpenGL Light Materials" */;
			buildPhases = (
				438DCC97278AB14700B662C7 /* Sources */,
				438DCC98278AB14700B662C7 /* Frameworks */,
				438DCC99278AB14700B662C7 /* CopyFiles */,
				438DCCAB278AB17600B662C7 /* Embed Libraries */,
			);
			buildRules = (
			);
			dependencies = (
			);
			name = "C++ OpenGL Light Materials";
			productName = "C++ OpenGL Light Materials";
			productReference = 438DCC9B278AB14700B662C7 /* C++ OpenGL Light Materials */;
			productType = "com.apple.product-type.tool";
		};
/* End PBXNativeTarget section */

/* Begin PBXProject section */
		438DCC93278AB14700B662C7 /* Project object */ = {
			isa = PBXProject;
			attributes = {
				BuildIndependentTargetsInParallel = 1;
				LastUpgradeCheck = 1320;
				TargetAttributes = {
					438DCC9A278AB14700B662C7 = {
						CreatedOnToolsVersion = 13.2.1;
					};
				};
			};
			buildConfigurationList = 438DCC96278AB14700B662C7 /* Build configuration list for PBXProject "C++ OpenGL Light Materials" */;
			compatibilityVersion = "Xcode 13.0";
			developmentRegion = en;
			hasScannedForEncodings = 0;
			knownRegions = (
				en,
				Base,
			);
			mainGroup = 438DCC92278AB14700B662C7;
			productRefGroup = 438DCC9C278AB14700B662C7 /* Products */;
			projectDirPath = "";
			projectRoot = "";
			targets = (
				438DCC9A278AB14700B662C7 /* C++ OpenGL Light Materials */,
			);
		};
/* End PBXProject section */

/* Begin PBXSourcesBuildPhase section */
		438DCC97278AB14700B662C7 /* Sources */ = {
			isa = PBXSourcesBuildPhase;
			buildActionMask = 2147483647;
			files = (
				438DCC9F278AB14700B662C7 /* main.cpp in Sources */,
				438DCCB5278AB1D200B662C7 /* glad.c in Sources */,
			);
			runOnlyForDeploymentPostprocessing = 0;
		};
/* End PBXSourcesBuildPhase section */

/* Begin XCBuildConfiguration section */
		438DCCA0278AB14700B662C7 /* Debug */ = {
			isa = XCBuildConfiguration;
			buildSettings = {
				ALWAYS_SEARCH_USER_PATHS = NO;
				CLANG_ANALYZER_NONNULL = YES;
				CLANG_ANALYZER_NUMBER_OBJECT_CONVERSION = YES_AGGRESSIVE;
				CLANG_CXX_LANGUAGE_STANDARD = "gnu++17";
				CLANG_CXX_LIBRARY = "libc++";
				CLANG_ENABLE_MODULES = YES;
				CLANG_ENABLE_OBJC_ARC = YES;
				CLANG_ENABLE_OBJC_WEAK = YES;
				CLANG_WARN_BLOCK_CAPTURE_AUTORELEASING = YES;
				CLANG_WARN_BOOL_CONVERSION = YES;
				CLANG_WARN_COMMA = YES;
				CLANG_WARN_CONSTANT_CONVERSION = YES;
				CLANG_WARN_DEPRECATED_OBJC_IMPLEMENTATIONS = YES;
				CLANG_WARN_DIRECT_OBJC_ISA_USAGE = YES_ERROR;
				CLANG_WARN_DOCUMENTATION_COMMENTS = YES;
				CLANG_WARN_EMPTY_BODY = YES;
				CLANG_WARN_ENUM_CONVERSION = YES;
				CLANG_WARN_INFINITE_RECURSION = YES;
				CLANG_WARN_INT_CONVERSION = YES;
				CLANG_WARN_NON_LITERAL_NULL_CONVERSION = YES;
				CLANG_WARN_OBJC_IMPLICIT_RETAIN_SELF = YES;
				CLANG_WARN_OBJC_LITERAL_CONVERSION = YES;
				CLANG_WARN_OBJC_ROOT_CLASS = YES_ERROR;
				CLANG_WARN_QUOTED_INCLUDE_IN_FRAMEWORK_HEADER = YES;
				CLANG_WARN_RANGE_LOOP_ANALYSIS = YES;
				CLANG_WARN_STRICT_PROTOTYPES = YES;
				CLANG_WARN_SUSPICIOUS_MOVE = YES;
				CLANG_WARN_UNGUARDED_AVAILABILITY = YES_AGGRESSIVE;
				CLANG_WARN_UNREACHABLE_CODE = YES;
				CLANG_WARN__DUPLICATE_METHOD_MATCH = YES;
				COPY_PHASE_STRIP = NO;
				DEBUG_INFORMATION_FORMAT = dwarf;
				ENABLE_STRICT_OBJC_MSGSEND = YES;
				ENABLE_TESTABILITY = YES;
				GCC_C_LANGUAGE_STANDARD = gnu11;
				GCC_DYNAMIC_NO_PIC = NO;
				GCC_NO_COMMON_BLOCKS = YES;
				GCC_OPTIMIZATION_LEVEL = 0;
				GCC_PREPROCESSOR_DEFINITIONS = (
					"DEBUG=1",
					"$(inherited)",
				);
				GCC_WARN_64_TO_32_BIT_CONVERSION = YES;
				GCC_WARN_ABOUT_RETURN_TYPE = YES_ERROR;
				GCC_WARN_UNDECLARED_SELECTOR = YES;
				GCC_WARN_UNINITIALIZED_AUTOS = YES_AGGRESSIVE;
				GCC_WARN_UNUSED_FUNCTION = YES;
				GCC_WARN_UNUSED_VARIABLE = YES;
				MACOSX_DEPLOYMENT_TARGET = 12.1;
				MTL_ENABLE_DEBUG_INFO = INCLUDE_SOURCE;
				MTL_FAST_MATH = YES;
				ONLY_ACTIVE_ARCH = YES;
				SDKROOT = macosx;
			};
			name = Debug;
		};
		438DCCA1278AB14700B662C7 /* Release */ = {
			isa = XCBuildConfiguration;
			buildSettings = {
				ALWAYS_SEARCH_USER_PATHS = NO;
				CLANG_ANALYZER_NONNULL = YES;
				CLANG_ANALYZER_NUMBER_OBJECT_CONVERSION = YES_AGGRESSIVE;
				CLANG_CXX_LANGUAGE_STANDARD = "gnu++17";
				CLANG_CXX_LIBRARY = "libc++";
				CLANG_ENABLE_MODULES = YES;
				CLANG_ENABLE_OBJC_ARC = YES;
				CLANG_ENABLE_OBJC_WEAK = YES;
				CLANG_WARN_BLOCK_CAPTURE_AUTORELEASING = YES;
				CLANG_WARN_BOOL_CONVERSION = YES;
				CLANG_WARN_COMMA = YES;
				CLANG_WARN_CONSTANT_CONVERSION = YES;
				CLANG_WARN_DEPRECATED_OBJC_IMPLEMENTATIONS = YES;
				CLANG_WARN_DIRECT_OBJC_ISA_USAGE = YES_ERROR;
				CLANG_WARN_DOCUMENTATION_COMMENTS = YES;
				CLANG_WARN_EMPTY_BODY = YES;
				CLANG_WARN_ENUM_CONVERSION = YES;
				CLANG_WARN_INFINITE_RECURSION = YES;
				CLANG_WARN_INT_CONVERSION = YES;
				CLANG_WARN_NON_LITERAL_NULL_CONVERSION = YES;
				CLANG_WARN_OBJC_IMPLICIT_RETAIN_SELF = YES;
				CLANG_WARN_OBJC_LITERAL_CONVERSION = YES;
				CLANG_WARN_OBJC_ROOT_CLASS = YES_ERROR;
				CLANG_WARN_QUOTED_INCLUDE_IN_FRAMEWORK_HEADER = YES;
				CLANG_WARN_RANGE_LOOP_ANALYSIS = YES;
				CLANG_WARN_STRICT_PROTOTYPES = YES;
				CLANG_WARN_SUSPICIOUS_MOVE = YES;
				CLANG_WARN_UNGUARDED_AVAILABILITY = YES_AGGRESSIVE;
				CLANG_WARN_UNREACHABLE_CODE = YES;
				CLANG_WARN__DUPLICATE_METHOD_MATCH = YES;
				COPY_PHASE_STRIP = NO;
				DEBUG_INFORMATION_FORMAT = "dwarf-with-dsym";
				ENABLE_NS_ASSERTIONS = NO;
				ENABLE_STRICT_OBJC_MSGSEND = YES;
				GCC_C_LANGUAGE_STANDARD = gnu11;
				GCC_NO_COMMON_BLOCKS = YES;
				GCC_WARN_64_TO_32_BIT_CONVERSION = YES;
				GCC_WARN_ABOUT_RETURN_TYPE = YES_ERROR;
				GCC_WARN_UNDECLARED_SELECTOR = YES;
				GCC_WARN_UNINITIALIZED_AUTOS = YES_AGGRESSIVE;
				GCC_WARN_UNUSED_FUNCTION = YES;
				GCC_WARN_UNUSED_VARIABLE = YES;
				MACOSX_DEPLOYMENT_TARGET = 12.1;
				MTL_ENABLE_DEBUG_INFO = NO;
				MTL_FAST_MATH = YES;
				SDKROOT = macosx;
			};
			name = Release;
		};
		438DCCA3278AB14700B662C7 /* Debug */ = {
			isa = XCBuildConfiguration;
			buildSettings = {
				CODE_SIGN_STYLE = Automatic;
				HEADER_SEARCH_PATHS = (
					/usr/local/Cellar/glad/include,
					/usr/local/Cellar/glfw/3.3.6/include,
					/usr/local/Cellar/glm/0.9.9.8/include,
				);
				LIBRARY_SEARCH_PATHS = (
					"$(inherited)",
					/usr/local/Cellar/glfw/3.3.6/lib,
				);
				PRODUCT_NAME = "$(TARGET_NAME)";
			};
			name = Debug;
		};
		438DCCA4278AB14700B662C7 /* Release */ = {
			isa = XCBuildConfiguration;
			buildSettings = {
				CODE_SIGN_STYLE = Automatic;
				HEADER_SEARCH_PATHS = (
					/usr/local/Cellar/glad/include,
					/usr/local/Cellar/glfw/3.3.6/include,
					/usr/local/Cellar/glm/0.9.9.8/include,
				);
				LIBRARY_SEARCH_PATHS = (
					"$(inherited)",
					/usr/local/Cellar/glfw/3.3.6/lib,
				);
				PRODUCT_NAME = "$(TARGET_NAME)";
			};
			name = Release;
		};
/* End XCBuildConfiguration section */

/* Begin XCConfigurationList section */
		438DCC96278AB14700B662C7 /* Build configuration list for PBXProject "C++ OpenGL Light Materials" */ = {
			isa = XCConfigurationList;
			buildConfigurations = (
				438DCCA0278AB14700B662C7 /* Debug */,
				438DCCA1278AB14700B662C7 /* Release */,
			);
			defaultConfigurationIsVisible = 0;
			defaultConfigurationName = Release;
		};
		438DCCA2278AB14700B662C7 /* Build configuration list for PBXNativeTarget "C++ OpenGL Light Materials" */ = {
			isa = XCConfigurationList;
			buildConfigurations = (
				438DCCA3278AB14700B662C7 /* Debug */,
				438DCCA4278AB14700B662C7 /* Release */,
			);
			defaultConfigurationIsVisible = 0;
			defaultConfigurationName = Release;
		};
/* End XCConfigurationList section */
	};
	rootObject = 438DCC93278AB14700B662C7 /* Project object */;
}
